
Microsoft Visual Studio Solution File, Format Version 12.00
# Visual Studio Version 17
VisualStudioVersion = 17.14.36414.22 d17.14
MinimumVisualStudioVersion = 10.0.40219.1
Project("{FAE04EC0-301F-11D3-BF4B-00C04F79EFBC}") = "PotapovPrakt5_v14", "PotapovPrakt5_v14.csproj", "{744DBD0A-D161-441F-9165-AA6054886EBB}"
EndProject
Global
	GlobalSection(SolutionConfigurationPlatforms) = preSolution
		Debug|Any CPU = Debug|Any CPU
		Release|Any CPU = Release|Any CPU
	EndGlobalSection
	GlobalSection(ProjectConfigurationPlatforms) = postSolution
		{744DBD0A-D161-441F-9165-AA6054886EBB}.Debug|Any CPU.ActiveCfg = Debug|Any CPU
		{744DBD0A-D161-441F-9165-AA6054886EBB}.Debug|Any CPU.Build.0 = Debug|Any CPU
		{744DBD0A-D161-441F-9165-AA6054886EBB}.Release|Any CPU.ActiveCfg = Release|Any CPU
		{744DBD0A-D161-441F-9165-AA6054886EBB}.Release|Any CPU.Build.0 = Release|Any CPU
	EndGlobalSection
	GlobalSection(SolutionProperties) = preSolution
		HideSolutionNode = FALSE
	EndGlobalSection
	GlobalSection(ExtensibilityGlobals) = postSolution
		SolutionGuid = {7CA4222F-BC2B-45EC-8376-F24C99D3C918}
	EndGlobalSection
EndGlobal
